
Microsoft Visual Studio Solution File, Format Version 12.00
# Visual Studio Version 17
VisualStudioVersion = 17.5.002.0
MinimumVisualStudioVersion = 10.0.40219.1
Project("{9A19103F-16F7-4668-BE54-9A1E7A4F7556}") = "COP 2360 Intro to C#", "COP 2360 Intro to C#.csproj", "{F3F051DE-83AF-4B58-A896-2EFF29899220}"
EndProject
Project("{FAE04EC0-301F-11D3-BF4B-00C04F79EFBC}") = "Lyrics", "Lyrics\Lyrics.csproj", "{EC3D0DB3-BB74-4252-A344-C92EBA7AE0E2}"
EndProject
Global
	GlobalSection(SolutionConfigurationPlatforms) = preSolution
		Debug|Any CPU = Debug|Any CPU
		Release|Any CPU = Release|Any CPU
	EndGlobalSection
	GlobalSection(ProjectConfigurationPlatforms) = postSolution
		{F3F051DE-83AF-4B58-A896-2EFF29899220}.Debug|Any CPU.ActiveCfg = Debug|Any CPU
		{F3F051DE-83AF-4B58-A896-2EFF29899220}.Debug|Any CPU.Build.0 = Debug|Any CPU
		{F3F051DE-83AF-4B58-A896-2EFF29899220}.Release|Any CPU.ActiveCfg = Release|Any CPU
		{F3F051DE-83AF-4B58-A896-2EFF29899220}.Release|Any CPU.Build.0 = Release|Any CPU
		{EC3D0DB3-BB74-4252-A344-C92EBA7AE0E2}.Debug|Any CPU.ActiveCfg = Debug|Any CPU
		{EC3D0DB3-BB74-4252-A344-C92EBA7AE0E2}.Debug|Any CPU.Build.0 = Debug|Any CPU
		{EC3D0DB3-BB74-4252-A344-C92EBA7AE0E2}.Release|Any CPU.ActiveCfg = Release|Any CPU
		{EC3D0DB3-BB74-4252-A344-C92EBA7AE0E2}.Release|Any CPU.Build.0 = Release|Any CPU
	EndGlobalSection
	GlobalSection(SolutionProperties) = preSolution
		HideSolutionNode = FALSE
	EndGlobalSection
	GlobalSection(ExtensibilityGlobals) = postSolution
		SolutionGuid = {2C2F6D27-4BC9-49A7-98F2-B2CCFF0EA211}
	EndGlobalSection
EndGlobal
